
Microsoft Visual Studio Solution File, Format Version 12.00
# Visual Studio Version 16
VisualStudioVersion = 16.0.31729.503
MinimumVisualStudioVersion = 10.0.40219.1
Project("{FAE04EC0-301F-11D3-BF4B-00C04F79EFBC}") = "POOOFacul", "POOOFacul\POOOFacul.csproj", "{9C15780A-27BF-401B-B950-118876471F1F}"
EndProject
Global
	GlobalSection(SolutionConfigurationPlatforms) = preSolution
		Debug|Any CPU = Debug|Any CPU
		Release|Any CPU = Release|Any CPU
	EndGlobalSection
	GlobalSection(ProjectConfigurationPlatforms) = postSolution
		{9C15780A-27BF-401B-B950-118876471F1F}.Debug|Any CPU.ActiveCfg = Debug|Any CPU
		{9C15780A-27BF-401B-B950-118876471F1F}.Debug|Any CPU.Build.0 = Debug|Any CPU
		{9C15780A-27BF-401B-B950-118876471F1F}.Release|Any CPU.ActiveCfg = Release|Any CPU
		{9C15780A-27BF-401B-B950-118876471F1F}.Release|Any CPU.Build.0 = Release|Any CPU
	EndGlobalSection
	GlobalSection(SolutionProperties) = preSolution
		HideSolutionNode = FALSE
	EndGlobalSection
	GlobalSection(ExtensibilityGlobals) = postSolution
		SolutionGuid = {98A9C769-2396-45EE-AAD8-FC9C86320B36}
	EndGlobalSection
EndGlobal
